// !$*UTF8*$!
{
	archiveVersion = 1;
	classes = {
	};
	objectVersion = 50;
	objects = {

/* Begin PBXBuildFile section */
		E92B6F4E24882AB200C090BC /* AppDelegate.swift in Sources */ = {isa = PBXBuildFile; fileRef = E92B6F4D24882AB200C090BC /* AppDelegate.swift */; };
		E92B6F5024882AB200C090BC /* SceneDelegate.swift in Sources */ = {isa = PBXBuildFile; fileRef = E92B6F4F24882AB200C090BC /* SceneDelegate.swift */; };
		E92B6F5224882AB200C090BC /* ViewController.swift in Sources */ = {isa = PBXBuildFile; fileRef = E92B6F5124882AB200C090BC /* ViewController.swift */; };
		E92B6F5524882AB200C090BC /* Main.storyboard in Resources */ = {isa = PBXBuildFile; fileRef = E92B6F5324882AB200C090BC /* Main.storyboard */; };
		E92B6F5824882AB200C090BC /* coredataPractice.xcdatamodeld in Sources */ = {isa = PBXBuildFile; fileRef = E92B6F5624882AB200C090BC /* coredataPractice.xcdatamodeld */; };
		E92B6F5A24882AB300C090BC /* Assets.xcassets in Resources */ = {isa = PBXBuildFile; fileRef = E92B6F5924882AB300C090BC /* Assets.xcassets */; };
		E92B6F5D24882AB300C090BC /* LaunchScreen.storyboard in Resources */ = {isa = PBXBuildFile; fileRef = E92B6F5B24882AB300C090BC /* LaunchScreen.storyboard */; };
		E92B6F6624882BBC00C090BC /* DataBase.swift in Sources */ = {isa = PBXBuildFile; fileRef = E92B6F6524882BBC00C090BC /* DataBase.swift */; };
		E92B6F6A24882E9800C090BC /* Person+CoreDataClass.swift in Sources */ = {isa = PBXBuildFile; fileRef = E92B6F6824882E9800C090BC /* Person+CoreDataClass.swift */; };
		E92B6F6B24882E9800C090BC /* Person+CoreDataProperties.swift in Sources */ = {isa = PBXBuildFile; fileRef = E92B6F6924882E9800C090BC /* Person+CoreDataProperties.swift */; };
		E92B6F6D2488366E00C090BC /* DataSource.swift in Sources */ = {isa = PBXBuildFile; fileRef = E92B6F6C2488366D00C090BC /* DataSource.swift */; };
/* End PBXBuildFile section */

/* Begin PBXFileReference section */
		E92B6F4A24882AB200C090BC /* coredataPractice.app */ = {isa = PBXFileReference; explicitFileType = wrapper.application; includeInIndex = 0; path = coredataPractice.app; sourceTree = BUILT_PRODUCTS_DIR; };
		E92B6F4D24882AB200C090BC /* AppDelegate.swift */ = {isa = PBXFileReference; lastKnownFileType = sourcecode.swift; path = AppDelegate.swift; sourceTree = "<group>"; };
		E92B6F4F24882AB200C090BC /* SceneDelegate.swift */ = {isa = PBXFileReference; lastKnownFileType = sourcecode.swift; path = SceneDelegate.swift; sourceTree = "<group>"; };
		E92B6F5124882AB200C090BC /* ViewController.swift */ = {isa = PBXFileReference; lastKnownFileType = sourcecode.swift; path = ViewController.swift; sourceTree = "<group>"; };
		E92B6F5424882AB200C090BC /* Base */ = {isa = PBXFileReference; lastKnownFileType = file.storyboard; name = Base; path = Base.lproj/Main.storyboard; sourceTree = "<group>"; };
		E92B6F5724882AB200C090BC /* coredataPractice.xcdatamodel */ = {isa = PBXFileReference; lastKnownFileType = wrapper.xcdatamodel; path = coredataPractice.xcdatamodel; sourceTree = "<group>"; };
		E92B6F5924882AB300C090BC /* Assets.xcassets */ = {isa = PBXFileReference; lastKnownFileType = folder.assetcatalog; path = Assets.xcassets; sourceTree = "<group>"; };
		E92B6F5C24882AB300C090BC /* Base */ = {isa = PBXFileReference; lastKnownFileType = file.storyboard; name = Base; path = Base.lproj/LaunchScreen.storyboard; sourceTree = "<group>"; };
		E92B6F5E24882AB300C090BC /* Info.plist */ = {isa = PBXFileReference; lastKnownFileType = text.plist.xml; path = Info.plist; sourceTree = "<group>"; };
		E92B6F6524882BBC00C090BC /* DataBase.swift */ = {isa = PBXFileReference; lastKnownFileType = sourcecode.swift; path = DataBase.swift; sourceTree = "<group>"; };
		E92B6F6824882E9800C090BC /* Person+CoreDataClass.swift */ = {isa = PBXFileReference; lastKnownFileType = sourcecode.swift; path = "Person+CoreDataClass.swift"; sourceTree = "<group>"; };
		E92B6F6924882E9800C090BC /* Person+CoreDataProperties.swift */ = {isa = PBXFileReference; lastKnownFileType = sourcecode.swift; path = "Person+CoreDataProperties.swift"; sourceTree = "<group>"; };
		E92B6F6C2488366D00C090BC /* DataSource.swift */ = {isa = PBXFileReference; lastKnownFileType = sourcecode.swift; path = DataSource.swift; sourceTree = "<group>"; };
/* End PBXFileReference section */

/* Begin PBXFrameworksBuildPhase section */
		E92B6F4724882AB200C090BC /* Frameworks */ = {
			isa = PBXFrameworksBuildPhase;
			buildActionMask = 2147483647;
			files = (
			);
			runOnlyForDeploymentPostprocessing = 0;
		};
/* End PBXFrameworksBuildPhase section */

/* Begin PBXGroup section */
		E92B6F4124882AB200C090BC = {
			isa = PBXGroup;
			children = (
				E92B6F4C24882AB200C090BC /* coredataPractice */,
				E92B6F4B24882AB200C090BC /* Products */,
			);
			sourceTree = "<group>";
		};
		E92B6F4B24882AB200C090BC /* Products */ = {
			isa = PBXGroup;
			children = (
				E92B6F4A24882AB200C090BC /* coredataPractice.app */,
			);
			name = Products;
			sourceTree = "<group>";
		};
		E92B6F4C24882AB200C090BC /* coredataPractice */ = {
			isa = PBXGroup;
			children = (
				E92B6F6424882BA600C090BC /* Model */,
				E92B6F4D24882AB200C090BC /* AppDelegate.swift */,
				E92B6F4F24882AB200C090BC /* SceneDelegate.swift */,
				E92B6F5124882AB200C090BC /* ViewController.swift */,
				E92B6F5324882AB200C090BC /* Main.storyboard */,
				E92B6F5924882AB300C090BC /* Assets.xcassets */,
				E92B6F5B24882AB300C090BC /* LaunchScreen.storyboard */,
				E92B6F5E24882AB300C090BC /* Info.plist */,
				E92B6F5624882AB200C090BC /* coredataPractice.xcdatamodeld */,
			);
			path = coredataPractice;
			sourceTree = "<group>";
		};
		E92B6F6424882BA600C090BC /* Model */ = {
			isa = PBXGroup;
			children = (
				E92B6F6824882E9800C090BC /* Person+CoreDataClass.swift */,
				E92B6F6924882E9800C090BC /* Person+CoreDataProperties.swift */,
				E92B6F6524882BBC00C090BC /* DataBase.swift */,
				E92B6F6C2488366D00C090BC /* DataSource.swift */,
			);
			path = Model;
			sourceTree = "<group>";
		};
/* End PBXGroup section */

/* Begin PBXNativeTarget section */
		E92B6F4924882AB200C090BC /* coredataPractice */ = {
			isa = PBXNativeTarget;
			buildConfigurationList = E92B6F6124882AB300C090BC /* Build configuration list for PBXNativeTarget "coredataPractice" */;
			buildPhases = (
				E92B6F4624882AB200C090BC /* Sources */,
				E92B6F4724882AB200C090BC /* Frameworks */,
				E92B6F4824882AB200C090BC /* Resources */,
			);
			buildRules = (
			);
			dependencies = (
			);
			name = coredataPractice;
			productName = coredataPractice;
			productReference = E92B6F4A24882AB200C090BC /* coredataPractice.app */;
			productType = "com.apple.product-type.application";
		};
/* End PBXNativeTarget section */

/* Begin PBXProject section */
		E92B6F4224882AB200C090BC /* Project object */ = {
			isa = PBXProject;
			attributes = {
				LastSwiftUpdateCheck = 1150;
				LastUpgradeCheck = 1150;
				ORGANIZATIONNAME = Yoni;
				TargetAttributes = {
					E92B6F4924882AB200C090BC = {
						CreatedOnToolsVersion = 11.5;
					};
				};
			};
			buildConfigurationList = E92B6F4524882AB200C090BC /* Build configuration list for PBXProject "coredataPractice" */;
			compatibilityVersion = "Xcode 9.3";
			developmentRegion = en;
			hasScannedForEncodings = 0;
			knownRegions = (
				en,
				Base,
			);
			mainGroup = E92B6F4124882AB200C090BC;
			productRefGroup = E92B6F4B24882AB200C090BC /* Products */;
			projectDirPath = "";
			projectRoot = "";
			targets = (
				E92B6F4924882AB200C090BC /* coredataPractice */,
			);
		};
/* End PBXProject section */

/* Begin PBXResourcesBuildPhase section */
		E92B6F4824882AB200C090BC /* Resources */ = {
			isa = PBXResourcesBuildPhase;
			buildActionMask = 2147483647;
			files = (
				E92B6F5D24882AB300C090BC /* LaunchScreen.storyboard in Resources */,
				E92B6F5A24882AB300C090BC /* Assets.xcassets in Resources */,
				E92B6F5524882AB200C090BC /* Main.storyboard in Resources */,
			);
			runOnlyForDeploymentPostprocessing = 0;
		};
/* End PBXResourcesBuildPhase section */

/* Begin PBXSourcesBuildPhase section */
		E92B6F4624882AB200C090BC /* Sources */ = {
			isa = PBXSourcesBuildPhase;
			buildActionMask = 2147483647;
			files = (
				E92B6F6B24882E9800C090BC /* Person+CoreDataProperties.swift in Sources */,
				E92B6F6624882BBC00C090BC /* DataBase.swift in Sources */,
				E92B6F5224882AB200C090BC /* ViewController.swift in Sources */,
				E92B6F6A24882E9800C090BC /* Person+CoreDataClass.swift in Sources */,
				E92B6F4E24882AB200C090BC /* AppDelegate.swift in Sources */,
				E92B6F5024882AB200C090BC /* SceneDelegate.swift in Sources */,
				E92B6F6D2488366E00C090BC /* DataSource.swift in Sources */,
				E92B6F5824882AB200C090BC /* coredataPractice.xcdatamodeld in Sources */,
			);
			runOnlyForDeploymentPostprocessing = 0;
		};
/* End PBXSourcesBuildPhase section */

/* Begin PBXVariantGroup section */
		E92B6F5324882AB200C090BC /* Main.storyboard */ = {
			isa = PBXVariantGroup;
			children = (
				E92B6F5424882AB200C090BC /* Base */,
			);
			name = Main.storyboard;
			sourceTree = "<group>";
		};
		E92B6F5B24882AB300C090BC /* LaunchScreen.storyboard */ = {
			isa = PBXVariantGroup;
			children = (
				E92B6F5C24882AB300C090BC /* Base */,
			);
			name = LaunchScreen.storyboard;
			sourceTree = "<group>";
		};
/* End PBXVariantGroup section */

/* Begin XCBuildConfiguration section */
		E92B6F5F24882AB300C090BC /* Debug */ = {
			isa = XCBuildConfiguration;
			buildSettings = {
				ALWAYS_SEARCH_USER_PATHS = NO;
				CLANG_ANALYZER_NONNULL = YES;
				CLANG_ANALYZER_NUMBER_OBJECT_CONVERSION = YES_AGGRESSIVE;
				CLANG_CXX_LANGUAGE_STANDARD = "gnu++14";
				CLANG_CXX_LIBRARY = "libc++";
				CLANG_ENABLE_MODULES = YES;
				CLANG_ENABLE_OBJC_ARC = YES;
				CLANG_ENABLE_OBJC_WEAK = YES;
				CLANG_WARN_BLOCK_CAPTURE_AUTORELEASING = YES;
				CLANG_WARN_BOOL_CONVERSION = YES;
				CLANG_WARN_COMMA = YES;
				CLANG_WARN_CONSTANT_CONVERSION = YES;
				CLANG_WARN_DEPRECATED_OBJC_IMPLEMENTATIONS = YES;
				CLANG_WARN_DIRECT_OBJC_ISA_USAGE = YES_ERROR;
				CLANG_WARN_DOCUMENTATION_COMMENTS = YES;
				CLANG_WARN_EMPTY_BODY = YES;
				CLANG_WARN_ENUM_CONVERSION = YES;
				CLANG_WARN_INFINITE_RECURSION = YES;
				CLANG_WARN_INT_CONVERSION = YES;
				CLANG_WARN_NON_LITERAL_NULL_CONVERSION = YES;
				CLANG_WARN_OBJC_IMPLICIT_RETAIN_SELF = YES;
				CLANG_WARN_OBJC_LITERAL_CONVERSION = YES;
				CLANG_WARN_OBJC_ROOT_CLASS = YES_ERROR;
				CLANG_WARN_RANGE_LOOP_ANALYSIS = YES;
				CLANG_WARN_STRICT_PROTOTYPES = YES;
				CLANG_WARN_SUSPICIOUS_MOVE = YES;
				CLANG_WARN_UNGUARDED_AVAILABILITY = YES_AGGRESSIVE;
				CLANG_WARN_UNREACHABLE_CODE = YES;
				CLANG_WARN__DUPLICATE_METHOD_MATCH = YES;
				COPY_PHASE_STRIP = NO;
				DEBUG_INFORMATION_FORMAT = dwarf;
				ENABLE_STRICT_OBJC_MSGSEND = YES;
				ENABLE_TESTABILITY = YES;
				GCC_C_LANGUAGE_STANDARD = gnu11;
				GCC_DYNAMIC_NO_PIC = NO;
				GCC_NO_COMMON_BLOCKS = YES;
				GCC_OPTIMIZATION_LEVEL = 0;
				GCC_PREPROCESSOR_DEFINITIONS = (
					"DEBUG=1",
					"$(inherited)",
				);
				GCC_WARN_64_TO_32_BIT_CONVERSION = YES;
				GCC_WARN_ABOUT_RETURN_TYPE = YES_ERROR;
				GCC_WARN_UNDECLARED_SELECTOR = YES;
				GCC_WARN_UNINITIALIZED_AUTOS = YES_AGGRESSIVE;
				GCC_WARN_UNUSED_FUNCTION = YES;
				GCC_WARN_UNUSED_VARIABLE = YES;
				IPHONEOS_DEPLOYMENT_TARGET = 13.5;
				MTL_ENABLE_DEBUG_INFO = INCLUDE_SOURCE;
				MTL_FAST_MATH = YES;
				ONLY_ACTIVE_ARCH = YES;
				SDKROOT = iphoneos;
				SWIFT_ACTIVE_COMPILATION_CONDITIONS = DEBUG;
				SWIFT_OPTIMIZATION_LEVEL = "-Onone";
			};
			name = Debug;
		};
		E92B6F6024882AB300C090BC /* Release */ = {
			isa = XCBuildConfiguration;
			buildSettings = {
				ALWAYS_SEARCH_USER_PATHS = NO;
				CLANG_ANALYZER_NONNULL = YES;
				CLANG_ANALYZER_NUMBER_OBJECT_CONVERSION = YES_AGGRESSIVE;
				CLANG_CXX_LANGUAGE_STANDARD = "gnu++14";
				CLANG_CXX_LIBRARY = "libc++";
				CLANG_ENABLE_MODULES = YES;
				CLANG_ENABLE_OBJC_ARC = YES;
				CLANG_ENABLE_OBJC_WEAK = YES;
				CLANG_WARN_BLOCK_CAPTURE_AUTORELEASING = YES;
				CLANG_WARN_BOOL_CONVERSION = YES;
				CLANG_WARN_COMMA = YES;
				CLANG_WARN_CONSTANT_CONVERSION = YES;
				CLANG_WARN_DEPRECATED_OBJC_IMPLEMENTATIONS = YES;
				CLANG_WARN_DIRECT_OBJC_ISA_USAGE = YES_ERROR;
				CLANG_WARN_DOCUMENTATION_COMMENTS = YES;
				CLANG_WARN_EMPTY_BODY = YES;
				CLANG_WARN_ENUM_CONVERSION = YES;
				CLANG_WARN_INFINITE_RECURSION = YES;
				CLANG_WARN_INT_CONVERSION = YES;
				CLANG_WARN_NON_LITERAL_NULL_CONVERSION = YES;
				CLANG_WARN_OBJC_IMPLICIT_RETAIN_SELF = YES;
				CLANG_WARN_OBJC_LITERAL_CONVERSION = YES;
				CLANG_WARN_OBJC_ROOT_CLASS = YES_ERROR;
				CLANG_WARN_RANGE_LOOP_ANALYSIS = YES;
				CLANG_WARN_STRICT_PROTOTYPES = YES;
				CLANG_WARN_SUSPICIOUS_MOVE = YES;
				CLANG_WARN_UNGUARDED_AVAILABILITY = YES_AGGRESSIVE;
				CLANG_WARN_UNREACHABLE_CODE = YES;
				CLANG_WARN__DUPLICATE_METHOD_MATCH = YES;
				COPY_PHASE_STRIP = NO;
				DEBUG_INFORMATION_FORMAT = "dwarf-with-dsym";
				ENABLE_NS_ASSERTIONS = NO;
				ENABLE_STRICT_OBJC_MSGSEND = YES;
				GCC_C_LANGUAGE_STANDARD = gnu11;
				GCC_NO_COMMON_BLOCKS = YES;
				GCC_WARN_64_TO_32_BIT_CONVERSION = YES;
				GCC_WARN_ABOUT_RETURN_TYPE = YES_ERROR;
				GCC_WARN_UNDECLARED_SELECTOR = YES;
				GCC_WARN_UNINITIALIZED_AUTOS = YES_AGGRESSIVE;
				GCC_WARN_UNUSED_FUNCTION = YES;
				GCC_WARN_UNUSED_VARIABLE = YES;
				IPHONEOS_DEPLOYMENT_TARGET = 13.5;
				MTL_ENABLE_DEBUG_INFO = NO;
				MTL_FAST_MATH = YES;
				SDKROOT = iphoneos;
				SWIFT_COMPILATION_MODE = wholemodule;
				SWIFT_OPTIMIZATION_LEVEL = "-O";
				VALIDATE_PRODUCT = YES;
			};
			name = Release;
		};
		E92B6F6224882AB300C090BC /* Debug */ = {
			isa = XCBuildConfiguration;
			buildSettings = {
				ASSETCATALOG_COMPILER_APPICON_NAME = AppIcon;
				CODE_SIGN_STYLE = Automatic;
				DEVELOPMENT_TEAM = R7D7RWW83F;
				INFOPLIST_FILE = coredataPractice/Info.plist;
				LD_RUNPATH_SEARCH_PATHS = (
					"$(inherited)",
					"@executable_path/Frameworks",
				);
				PRODUCT_BUNDLE_IDENTIFIER = Yoni.coredataPractice;
				PRODUCT_NAME = "$(TARGET_NAME)";
				SWIFT_VERSION = 5.0;
				TARGETED_DEVICE_FAMILY = "1,2";
			};
			name = Debug;
		};
		E92B6F6324882AB300C090BC /* Release */ = {
			isa = XCBuildConfiguration;
			buildSettings = {
				ASSETCATALOG_COMPILER_APPICON_NAME = AppIcon;
				CODE_SIGN_STYLE = Automatic;
				DEVELOPMENT_TEAM = R7D7RWW83F;
				INFOPLIST_FILE = coredataPractice/Info.plist;
				LD_RUNPATH_SEARCH_PATHS = (
					"$(inherited)",
					"@executable_path/Frameworks",
				);
				PRODUCT_BUNDLE_IDENTIFIER = Yoni.coredataPractice;
				PRODUCT_NAME = "$(TARGET_NAME)";
				SWIFT_VERSION = 5.0;
				TARGETED_DEVICE_FAMILY = "1,2";
			};
			name = Release;
		};
/* End XCBuildConfiguration section */

/* Begin XCConfigurationList section */
		E92B6F4524882AB200C090BC /* Build configuration list for PBXProject "coredataPractice" */ = {
			isa = XCConfigurationList;
			buildConfigurations = (
				E92B6F5F24882AB300C090BC /* Debug */,
				E92B6F6024882AB300C090BC /* Release */,
			);
			defaultConfigurationIsVisible = 0;
			defaultConfigurationName = Release;
		};
		E92B6F6124882AB300C090BC /* Build configuration list for PBXNativeTarget "coredataPractice" */ = {
			isa = XCConfigurationList;
			buildConfigurations = (
				E92B6F6224882AB300C090BC /* Debug */,
				E92B6F6324882AB300C090BC /* Release */,
			);
			defaultConfigurationIsVisible = 0;
			defaultConfigurationName = Release;
		};
/* End XCConfigurationList section */

/* Begin XCVersionGroup section */
		E92B6F5624882AB200C090BC /* coredataPractice.xcdatamodeld */ = {
			isa = XCVersionGroup;
			children = (
				E92B6F5724882AB200C090BC /* coredataPractice.xcdatamodel */,
			);
			currentVersion = E92B6F5724882AB200C090BC /* coredataPractice.xcdatamodel */;
			path = coredataPractice.xcdatamodeld;
			sourceTree = "<group>";
			versionGroupType = wrapper.xcdatamodel;
		};
/* End XCVersionGroup section */
	};
	rootObject = E92B6F4224882AB200C090BC /* Project object */;
}
